
Microsoft Visual Studio Solution File, Format Version 12.00
# Visual Studio Version 17
VisualStudioVersion = 17.4.33213.308
MinimumVisualStudioVersion = 10.0.40219.1
Project("{FAE04EC0-301F-11D3-BF4B-00C04F79EFBC}") = "05. Square With Maximum Sum", "05. Square With Maximum Sum.csproj", "{CBCB7074-6261-4EB3-8998-7BAD0D320395}"
EndProject
Global
	GlobalSection(SolutionConfigurationPlatforms) = preSolution
		Debug|Any CPU = Debug|Any CPU
		Release|Any CPU = Release|Any CPU
	EndGlobalSection
	GlobalSection(ProjectConfigurationPlatforms) = postSolution
		{CBCB7074-6261-4EB3-8998-7BAD0D320395}.Debug|Any CPU.ActiveCfg = Debug|Any CPU
		{CBCB7074-6261-4EB3-8998-7BAD0D320395}.Debug|Any CPU.Build.0 = Debug|Any CPU
		{CBCB7074-6261-4EB3-8998-7BAD0D320395}.Release|Any CPU.ActiveCfg = Release|Any CPU
		{CBCB7074-6261-4EB3-8998-7BAD0D320395}.Release|Any CPU.Build.0 = Release|Any CPU
	EndGlobalSection
	GlobalSection(SolutionProperties) = preSolution
		HideSolutionNode = FALSE
	EndGlobalSection
	GlobalSection(ExtensibilityGlobals) = postSolution
		SolutionGuid = {916878D1-725E-4720-B81D-CA6A4359E440}
	EndGlobalSection
EndGlobal
