
Microsoft Visual Studio Solution File, Format Version 12.00
# Visual Studio Version 17
VisualStudioVersion = 17.4.33213.308
MinimumVisualStudioVersion = 10.0.40219.1
Project("{FAE04EC0-301F-11D3-BF4B-00C04F79EFBC}") = "cashdecks", "cashdecks.csproj", "{5024ABC0-F83D-4FD7-85DA-95D38661652A}"
EndProject
Global
	GlobalSection(SolutionConfigurationPlatforms) = preSolution
		Debug|Any CPU = Debug|Any CPU
		Release|Any CPU = Release|Any CPU
	EndGlobalSection
	GlobalSection(ProjectConfigurationPlatforms) = postSolution
		{5024ABC0-F83D-4FD7-85DA-95D38661652A}.Debug|Any CPU.ActiveCfg = Debug|Any CPU
		{5024ABC0-F83D-4FD7-85DA-95D38661652A}.Debug|Any CPU.Build.0 = Debug|Any CPU
		{5024ABC0-F83D-4FD7-85DA-95D38661652A}.Release|Any CPU.ActiveCfg = Release|Any CPU
		{5024ABC0-F83D-4FD7-85DA-95D38661652A}.Release|Any CPU.Build.0 = Release|Any CPU
	EndGlobalSection
	GlobalSection(SolutionProperties) = preSolution
		HideSolutionNode = FALSE
	EndGlobalSection
	GlobalSection(ExtensibilityGlobals) = postSolution
		SolutionGuid = {ABC405FD-6F76-4D06-B46E-06D8AAFB096C}
	EndGlobalSection
EndGlobal
