
Microsoft Visual Studio Solution File, Format Version 12.00
# Visual Studio Version 17
VisualStudioVersion = 17.4.33213.308
MinimumVisualStudioVersion = 10.0.40219.1
Project("{FAE04EC0-301F-11D3-BF4B-00C04F79EFBC}") = "3 from test", "3 from test.csproj", "{8966F32B-0DC8-424C-89C4-5D5278D83BAD}"
EndProject
Global
	GlobalSection(SolutionConfigurationPlatforms) = preSolution
		Debug|Any CPU = Debug|Any CPU
		Release|Any CPU = Release|Any CPU
	EndGlobalSection
	GlobalSection(ProjectConfigurationPlatforms) = postSolution
		{8966F32B-0DC8-424C-89C4-5D5278D83BAD}.Debug|Any CPU.ActiveCfg = Debug|Any CPU
		{8966F32B-0DC8-424C-89C4-5D5278D83BAD}.Debug|Any CPU.Build.0 = Debug|Any CPU
		{8966F32B-0DC8-424C-89C4-5D5278D83BAD}.Release|Any CPU.ActiveCfg = Release|Any CPU
		{8966F32B-0DC8-424C-89C4-5D5278D83BAD}.Release|Any CPU.Build.0 = Release|Any CPU
	EndGlobalSection
	GlobalSection(SolutionProperties) = preSolution
		HideSolutionNode = FALSE
	EndGlobalSection
	GlobalSection(ExtensibilityGlobals) = postSolution
		SolutionGuid = {36CA9FCA-3204-4815-99E4-3A8413494071}
	EndGlobalSection
EndGlobal
