
Microsoft Visual Studio Solution File, Format Version 12.00
# Visual Studio Version 17
VisualStudioVersion = 17.4.33213.308
MinimumVisualStudioVersion = 10.0.40219.1
Project("{FAE04EC0-301F-11D3-BF4B-00C04F79EFBC}") = "CSGO problem", "CSGO problem.csproj", "{9D9B9CB4-04AC-493D-90B3-AC2BE87B003D}"
EndProject
Global
	GlobalSection(SolutionConfigurationPlatforms) = preSolution
		Debug|Any CPU = Debug|Any CPU
		Release|Any CPU = Release|Any CPU
	EndGlobalSection
	GlobalSection(ProjectConfigurationPlatforms) = postSolution
		{9D9B9CB4-04AC-493D-90B3-AC2BE87B003D}.Debug|Any CPU.ActiveCfg = Debug|Any CPU
		{9D9B9CB4-04AC-493D-90B3-AC2BE87B003D}.Debug|Any CPU.Build.0 = Debug|Any CPU
		{9D9B9CB4-04AC-493D-90B3-AC2BE87B003D}.Release|Any CPU.ActiveCfg = Release|Any CPU
		{9D9B9CB4-04AC-493D-90B3-AC2BE87B003D}.Release|Any CPU.Build.0 = Release|Any CPU
	EndGlobalSection
	GlobalSection(SolutionProperties) = preSolution
		HideSolutionNode = FALSE
	EndGlobalSection
	GlobalSection(ExtensibilityGlobals) = postSolution
		SolutionGuid = {00F3CC19-FA8B-4D6E-9A82-D26B2D64108A}
	EndGlobalSection
EndGlobal
