
Microsoft Visual Studio Solution File, Format Version 12.00
# Visual Studio Version 17
VisualStudioVersion = 17.4.33213.308
MinimumVisualStudioVersion = 10.0.40219.1
Project("{FAE04EC0-301F-11D3-BF4B-00C04F79EFBC}") = "manOfWar", "manOfWar.csproj", "{26F33C64-2807-4B6C-8BAA-A33A39A262AB}"
EndProject
Global
	GlobalSection(SolutionConfigurationPlatforms) = preSolution
		Debug|Any CPU = Debug|Any CPU
		Release|Any CPU = Release|Any CPU
	EndGlobalSection
	GlobalSection(ProjectConfigurationPlatforms) = postSolution
		{26F33C64-2807-4B6C-8BAA-A33A39A262AB}.Debug|Any CPU.ActiveCfg = Debug|Any CPU
		{26F33C64-2807-4B6C-8BAA-A33A39A262AB}.Debug|Any CPU.Build.0 = Debug|Any CPU
		{26F33C64-2807-4B6C-8BAA-A33A39A262AB}.Release|Any CPU.ActiveCfg = Release|Any CPU
		{26F33C64-2807-4B6C-8BAA-A33A39A262AB}.Release|Any CPU.Build.0 = Release|Any CPU
	EndGlobalSection
	GlobalSection(SolutionProperties) = preSolution
		HideSolutionNode = FALSE
	EndGlobalSection
	GlobalSection(ExtensibilityGlobals) = postSolution
		SolutionGuid = {B749CB40-D6AA-4F2D-9A69-26D87240E660}
	EndGlobalSection
EndGlobal
