
Microsoft Visual Studio Solution File, Format Version 12.00
# Visual Studio Version 17
VisualStudioVersion = 17.4.33213.308
MinimumVisualStudioVersion = 10.0.40219.1
Project("{FAE04EC0-301F-11D3-BF4B-00C04F79EFBC}") = "sum matrix xolums", "sum matrix xolums.csproj", "{DDCF6F99-F53D-42B0-BD0B-24DF434398FA}"
EndProject
Global
	GlobalSection(SolutionConfigurationPlatforms) = preSolution
		Debug|Any CPU = Debug|Any CPU
		Release|Any CPU = Release|Any CPU
	EndGlobalSection
	GlobalSection(ProjectConfigurationPlatforms) = postSolution
		{DDCF6F99-F53D-42B0-BD0B-24DF434398FA}.Debug|Any CPU.ActiveCfg = Debug|Any CPU
		{DDCF6F99-F53D-42B0-BD0B-24DF434398FA}.Debug|Any CPU.Build.0 = Debug|Any CPU
		{DDCF6F99-F53D-42B0-BD0B-24DF434398FA}.Release|Any CPU.ActiveCfg = Release|Any CPU
		{DDCF6F99-F53D-42B0-BD0B-24DF434398FA}.Release|Any CPU.Build.0 = Release|Any CPU
	EndGlobalSection
	GlobalSection(SolutionProperties) = preSolution
		HideSolutionNode = FALSE
	EndGlobalSection
	GlobalSection(ExtensibilityGlobals) = postSolution
		SolutionGuid = {90072525-8624-494E-BFFA-C20249B5D9F8}
	EndGlobalSection
EndGlobal
