
Microsoft Visual Studio Solution File, Format Version 12.00
# Visual Studio Version 17
VisualStudioVersion = 17.4.33213.308
MinimumVisualStudioVersion = 10.0.40219.1
Project("{FAE04EC0-301F-11D3-BF4B-00C04F79EFBC}") = "monster exeremination", "monster exeremination.csproj", "{69DECBA7-12DF-45A1-A7A9-268F327B68DC}"
EndProject
Global
	GlobalSection(SolutionConfigurationPlatforms) = preSolution
		Debug|Any CPU = Debug|Any CPU
		Release|Any CPU = Release|Any CPU
	EndGlobalSection
	GlobalSection(ProjectConfigurationPlatforms) = postSolution
		{69DECBA7-12DF-45A1-A7A9-268F327B68DC}.Debug|Any CPU.ActiveCfg = Debug|Any CPU
		{69DECBA7-12DF-45A1-A7A9-268F327B68DC}.Debug|Any CPU.Build.0 = Debug|Any CPU
		{69DECBA7-12DF-45A1-A7A9-268F327B68DC}.Release|Any CPU.ActiveCfg = Release|Any CPU
		{69DECBA7-12DF-45A1-A7A9-268F327B68DC}.Release|Any CPU.Build.0 = Release|Any CPU
	EndGlobalSection
	GlobalSection(SolutionProperties) = preSolution
		HideSolutionNode = FALSE
	EndGlobalSection
	GlobalSection(ExtensibilityGlobals) = postSolution
		SolutionGuid = {5AF66CF3-505C-4164-AA13-C9861808A207}
	EndGlobalSection
EndGlobal
